
Microsoft Visual Studio Solution File, Format Version 12.00
# Visual Studio Version 17
VisualStudioVersion = 17.8.34112.27
MinimumVisualStudioVersion = 10.0.40219.1
Project("{2150E333-8FDC-42A3-9474-1A3956D46DE8}") = "Core", "Core", "{8E889056-2A4D-4136-968D-D8617855BA0D}"
EndProject
Project("{2150E333-8FDC-42A3-9474-1A3956D46DE8}") = "Adapters", "Adapters", "{3FFB1265-3F31-4FFB-97CB-D9BEED88E541}"
EndProject
Project("{FAE04EC0-301F-11D3-BF4B-00C04F79EFBC}") = "ProjetoUsuario.Domain", "Domain\ProjetoUsuario.Domain.csproj", "{30B30E83-129C-4C52-8551-17DE80EC8C0A}"
EndProject
Project("{FAE04EC0-301F-11D3-BF4B-00C04F79EFBC}") = "ProjetoUsuario.Application", "Application\ProjetoUsuario.Application.csproj", "{86F5C22E-8A01-4708-AB45-E1A91BB5DEC8}"
EndProject
Project("{2150E333-8FDC-42A3-9474-1A3956D46DE8}") = "Primary", "Primary", "{87DB165E-BCAB-4CB8-8870-AC169F4E3976}"
EndProject
Project("{2150E333-8FDC-42A3-9474-1A3956D46DE8}") = "Secondary", "Secondary", "{DAD57690-08DE-4DAA-8A7D-19497F48328B}"
EndProject
Project("{FAE04EC0-301F-11D3-BF4B-00C04F79EFBC}") = "ProjetoUsuario.API", "API\ProjetoUsuario.API.csproj", "{EC17565E-E340-4F12-8889-DD78553A92D7}"
EndProject
Project("{FAE04EC0-301F-11D3-BF4B-00C04F79EFBC}") = "ProjetoUsuario.Infra.Data", "Infra.Data\ProjetoUsuario.Infra.Data.csproj", "{D6B8C2ED-D7D2-47A9-8494-186FD6F5E1CB}"
EndProject
Project("{FAE04EC0-301F-11D3-BF4B-00C04F79EFBC}") = "ProjetoUsuario.Infra.Email", "Infra.Email\ProjetoUsuario.Infra.Email.csproj", "{AE0EB146-9753-4FA6-81B9-63EC34E08324}"
EndProject
Project("{2150E333-8FDC-42A3-9474-1A3956D46DE8}") = "ProjetoUsuario", "ProjetoUsuario", "{02EA681E-C7D8-13C7-8484-4AC65E1B71E8}"
EndProject
Project("{2150E333-8FDC-42A3-9474-1A3956D46DE8}") = "ProjetoContrato", "ProjetoContrato", "{682B65E7-876B-46E9-A50B-AECE35E3E23B}"
EndProject
Project("{2150E333-8FDC-42A3-9474-1A3956D46DE8}") = "Adapters", "Adapters", "{EFA738CD-206D-40F2-9D18-53C0783DFA27}"
EndProject
Project("{2150E333-8FDC-42A3-9474-1A3956D46DE8}") = "Core", "Core", "{54C510F3-118F-4D55-9EF0-C6D85BE50F17}"
EndProject
Project("{FAE04EC0-301F-11D3-BF4B-00C04F79EFBC}") = "ProjetoContrato.Domain", "ProjetoContrato.Domain\ProjetoContrato.Domain.csproj", "{0CAD4ED4-968C-41D3-862E-401B55BA1BB5}"
EndProject
Project("{2150E333-8FDC-42A3-9474-1A3956D46DE8}") = "Primary", "Primary", "{3D0B7161-808B-4CAF-8102-B4D126457DA9}"
EndProject
Project("{2150E333-8FDC-42A3-9474-1A3956D46DE8}") = "Secondary", "Secondary", "{4408B092-0C5A-43A3-AE33-22C6220168D9}"
EndProject
Project("{FAE04EC0-301F-11D3-BF4B-00C04F79EFBC}") = "ProjetoContrato.API", "ProjetoContrato.API\ProjetoContrato.API.csproj", "{09124C8B-93DD-4D3B-9F1F-98CF1671A5B9}"
EndProject
Project("{2150E333-8FDC-42A3-9474-1A3956D46DE8}") = "ProjetoProposta", "ProjetoProposta", "{5A14725D-554E-40C5-AE1A-E922482F2104}"
EndProject
Project("{2150E333-8FDC-42A3-9474-1A3956D46DE8}") = "Adapters", "Adapters", "{FD593D12-91B6-4E31-BEEB-4A978580C1FD}"
EndProject
Project("{2150E333-8FDC-42A3-9474-1A3956D46DE8}") = "Core", "Core", "{F237B717-D408-436D-846E-F0EEAD262F4F}"
EndProject
Project("{FAE04EC0-301F-11D3-BF4B-00C04F79EFBC}") = "ProjetoProposta.Domain", "ProjetoProposta.Domain\ProjetoProposta.Domain.csproj", "{86A81AC4-DCA6-4EBA-980A-C5B914483849}"
EndProject
Project("{FAE04EC0-301F-11D3-BF4B-00C04F79EFBC}") = "ProjetoProposta.Application", "ProjetoProposta.Application\ProjetoProposta.Application.csproj", "{8BF4198D-D2E4-4678-82FC-293334124AC2}"
	ProjectSection(ProjectDependencies) = postProject
		{86A81AC4-DCA6-4EBA-980A-C5B914483849} = {86A81AC4-DCA6-4EBA-980A-C5B914483849}
	EndProjectSection
EndProject
Project("{2150E333-8FDC-42A3-9474-1A3956D46DE8}") = "Secondary", "Secondary", "{11B49AE9-E783-4C95-8389-F9E7122500AE}"
EndProject
Project("{2150E333-8FDC-42A3-9474-1A3956D46DE8}") = "Primary", "Primary", "{B68FE83A-FD16-4740-99A3-08CF945C00E7}"
EndProject
Project("{FAE04EC0-301F-11D3-BF4B-00C04F79EFBC}") = "ProjetoPropostal.API", "ProjetoPropostal.API\ProjetoPropostal.API.csproj", "{E7AAE429-0B84-409E-A343-FBB26A022D36}"
EndProject
Project("{FAE04EC0-301F-11D3-BF4B-00C04F79EFBC}") = "ProjetoProposta.Infra.Data", "ProjetoProposta.Infra.Data\ProjetoProposta.Infra.Data.csproj", "{13509943-0FA0-4DD1-802F-89813E811F9B}"
EndProject
Project("{FAE04EC0-301F-11D3-BF4B-00C04F79EFBC}") = "ProjetoProposta.Infra.Messages", "ProjetoProposta.Infra.Messages\ProjetoProposta.Infra.Messages.csproj", "{6FF20E72-3FE3-4C9E-8C8C-613E150122ED}"
EndProject
Project("{FAE04EC0-301F-11D3-BF4B-00C04F79EFBC}") = "ProjetoContrato.Application", "ProjetoContrato.Application\ProjetoContrato.Application.csproj", "{4881C552-38FF-4256-A15C-13F3F9A76EAD}"
EndProject
Project("{FAE04EC0-301F-11D3-BF4B-00C04F79EFBC}") = "ProjetoContrato.Infra.Data", "ProjetoContrato.Infra.Data\ProjetoContrato.Infra.Data.csproj", "{D7BF69E3-0AFE-42E0-8AD1-BFD567D4F74E}"
EndProject
Global
	GlobalSection(SolutionConfigurationPlatforms) = preSolution
		Debug|Any CPU = Debug|Any CPU
		Release|Any CPU = Release|Any CPU
	EndGlobalSection
	GlobalSection(ProjectConfigurationPlatforms) = postSolution
		{30B30E83-129C-4C52-8551-17DE80EC8C0A}.Debug|Any CPU.ActiveCfg = Debug|Any CPU
		{30B30E83-129C-4C52-8551-17DE80EC8C0A}.Debug|Any CPU.Build.0 = Debug|Any CPU
		{30B30E83-129C-4C52-8551-17DE80EC8C0A}.Release|Any CPU.ActiveCfg = Release|Any CPU
		{30B30E83-129C-4C52-8551-17DE80EC8C0A}.Release|Any CPU.Build.0 = Release|Any CPU
		{86F5C22E-8A01-4708-AB45-E1A91BB5DEC8}.Debug|Any CPU.ActiveCfg = Debug|Any CPU
		{86F5C22E-8A01-4708-AB45-E1A91BB5DEC8}.Debug|Any CPU.Build.0 = Debug|Any CPU
		{86F5C22E-8A01-4708-AB45-E1A91BB5DEC8}.Release|Any CPU.ActiveCfg = Release|Any CPU
		{86F5C22E-8A01-4708-AB45-E1A91BB5DEC8}.Release|Any CPU.Build.0 = Release|Any CPU
		{EC17565E-E340-4F12-8889-DD78553A92D7}.Debug|Any CPU.ActiveCfg = Debug|Any CPU
		{EC17565E-E340-4F12-8889-DD78553A92D7}.Debug|Any CPU.Build.0 = Debug|Any CPU
		{EC17565E-E340-4F12-8889-DD78553A92D7}.Release|Any CPU.ActiveCfg = Release|Any CPU
		{EC17565E-E340-4F12-8889-DD78553A92D7}.Release|Any CPU.Build.0 = Release|Any CPU
		{D6B8C2ED-D7D2-47A9-8494-186FD6F5E1CB}.Debug|Any CPU.ActiveCfg = Debug|Any CPU
		{D6B8C2ED-D7D2-47A9-8494-186FD6F5E1CB}.Debug|Any CPU.Build.0 = Debug|Any CPU
		{D6B8C2ED-D7D2-47A9-8494-186FD6F5E1CB}.Release|Any CPU.ActiveCfg = Release|Any CPU
		{D6B8C2ED-D7D2-47A9-8494-186FD6F5E1CB}.Release|Any CPU.Build.0 = Release|Any CPU
		{AE0EB146-9753-4FA6-81B9-63EC34E08324}.Debug|Any CPU.ActiveCfg = Debug|Any CPU
		{AE0EB146-9753-4FA6-81B9-63EC34E08324}.Debug|Any CPU.Build.0 = Debug|Any CPU
		{AE0EB146-9753-4FA6-81B9-63EC34E08324}.Release|Any CPU.ActiveCfg = Release|Any CPU
		{AE0EB146-9753-4FA6-81B9-63EC34E08324}.Release|Any CPU.Build.0 = Release|Any CPU
		{0CAD4ED4-968C-41D3-862E-401B55BA1BB5}.Debug|Any CPU.ActiveCfg = Debug|Any CPU
		{0CAD4ED4-968C-41D3-862E-401B55BA1BB5}.Debug|Any CPU.Build.0 = Debug|Any CPU
		{0CAD4ED4-968C-41D3-862E-401B55BA1BB5}.Release|Any CPU.ActiveCfg = Release|Any CPU
		{0CAD4ED4-968C-41D3-862E-401B55BA1BB5}.Release|Any CPU.Build.0 = Release|Any CPU
		{09124C8B-93DD-4D3B-9F1F-98CF1671A5B9}.Debug|Any CPU.ActiveCfg = Debug|Any CPU
		{09124C8B-93DD-4D3B-9F1F-98CF1671A5B9}.Debug|Any CPU.Build.0 = Debug|Any CPU
		{09124C8B-93DD-4D3B-9F1F-98CF1671A5B9}.Release|Any CPU.ActiveCfg = Release|Any CPU
		{09124C8B-93DD-4D3B-9F1F-98CF1671A5B9}.Release|Any CPU.Build.0 = Release|Any CPU
		{86A81AC4-DCA6-4EBA-980A-C5B914483849}.Debug|Any CPU.ActiveCfg = Debug|Any CPU
		{86A81AC4-DCA6-4EBA-980A-C5B914483849}.Debug|Any CPU.Build.0 = Debug|Any CPU
		{86A81AC4-DCA6-4EBA-980A-C5B914483849}.Release|Any CPU.ActiveCfg = Release|Any CPU
		{86A81AC4-DCA6-4EBA-980A-C5B914483849}.Release|Any CPU.Build.0 = Release|Any CPU
		{8BF4198D-D2E4-4678-82FC-293334124AC2}.Debug|Any CPU.ActiveCfg = Debug|Any CPU
		{8BF4198D-D2E4-4678-82FC-293334124AC2}.Debug|Any CPU.Build.0 = Debug|Any CPU
		{8BF4198D-D2E4-4678-82FC-293334124AC2}.Release|Any CPU.ActiveCfg = Release|Any CPU
		{8BF4198D-D2E4-4678-82FC-293334124AC2}.Release|Any CPU.Build.0 = Release|Any CPU
		{E7AAE429-0B84-409E-A343-FBB26A022D36}.Debug|Any CPU.ActiveCfg = Debug|Any CPU
		{E7AAE429-0B84-409E-A343-FBB26A022D36}.Debug|Any CPU.Build.0 = Debug|Any CPU
		{E7AAE429-0B84-409E-A343-FBB26A022D36}.Release|Any CPU.ActiveCfg = Release|Any CPU
		{E7AAE429-0B84-409E-A343-FBB26A022D36}.Release|Any CPU.Build.0 = Release|Any CPU
		{13509943-0FA0-4DD1-802F-89813E811F9B}.Debug|Any CPU.ActiveCfg = Debug|Any CPU
		{13509943-0FA0-4DD1-802F-89813E811F9B}.Debug|Any CPU.Build.0 = Debug|Any CPU
		{13509943-0FA0-4DD1-802F-89813E811F9B}.Release|Any CPU.ActiveCfg = Release|Any CPU
		{13509943-0FA0-4DD1-802F-89813E811F9B}.Release|Any CPU.Build.0 = Release|Any CPU
		{6FF20E72-3FE3-4C9E-8C8C-613E150122ED}.Debug|Any CPU.ActiveCfg = Debug|Any CPU
		{6FF20E72-3FE3-4C9E-8C8C-613E150122ED}.Debug|Any CPU.Build.0 = Debug|Any CPU
		{6FF20E72-3FE3-4C9E-8C8C-613E150122ED}.Release|Any CPU.ActiveCfg = Release|Any CPU
		{6FF20E72-3FE3-4C9E-8C8C-613E150122ED}.Release|Any CPU.Build.0 = Release|Any CPU
		{4881C552-38FF-4256-A15C-13F3F9A76EAD}.Debug|Any CPU.ActiveCfg = Debug|Any CPU
		{4881C552-38FF-4256-A15C-13F3F9A76EAD}.Debug|Any CPU.Build.0 = Debug|Any CPU
		{4881C552-38FF-4256-A15C-13F3F9A76EAD}.Release|Any CPU.ActiveCfg = Release|Any CPU
		{4881C552-38FF-4256-A15C-13F3F9A76EAD}.Release|Any CPU.Build.0 = Release|Any CPU
		{D7BF69E3-0AFE-42E0-8AD1-BFD567D4F74E}.Debug|Any CPU.ActiveCfg = Debug|Any CPU
		{D7BF69E3-0AFE-42E0-8AD1-BFD567D4F74E}.Debug|Any CPU.Build.0 = Debug|Any CPU
		{D7BF69E3-0AFE-42E0-8AD1-BFD567D4F74E}.Release|Any CPU.ActiveCfg = Release|Any CPU
		{D7BF69E3-0AFE-42E0-8AD1-BFD567D4F74E}.Release|Any CPU.Build.0 = Release|Any CPU
	EndGlobalSection
	GlobalSection(SolutionProperties) = preSolution
		HideSolutionNode = FALSE
	EndGlobalSection
	GlobalSection(NestedProjects) = preSolution
		{8E889056-2A4D-4136-968D-D8617855BA0D} = {02EA681E-C7D8-13C7-8484-4AC65E1B71E8}
		{3FFB1265-3F31-4FFB-97CB-D9BEED88E541} = {02EA681E-C7D8-13C7-8484-4AC65E1B71E8}
		{30B30E83-129C-4C52-8551-17DE80EC8C0A} = {8E889056-2A4D-4136-968D-D8617855BA0D}
		{86F5C22E-8A01-4708-AB45-E1A91BB5DEC8} = {8E889056-2A4D-4136-968D-D8617855BA0D}
		{87DB165E-BCAB-4CB8-8870-AC169F4E3976} = {3FFB1265-3F31-4FFB-97CB-D9BEED88E541}
		{DAD57690-08DE-4DAA-8A7D-19497F48328B} = {3FFB1265-3F31-4FFB-97CB-D9BEED88E541}
		{EC17565E-E340-4F12-8889-DD78553A92D7} = {87DB165E-BCAB-4CB8-8870-AC169F4E3976}
		{D6B8C2ED-D7D2-47A9-8494-186FD6F5E1CB} = {DAD57690-08DE-4DAA-8A7D-19497F48328B}
		{AE0EB146-9753-4FA6-81B9-63EC34E08324} = {DAD57690-08DE-4DAA-8A7D-19497F48328B}
		{EFA738CD-206D-40F2-9D18-53C0783DFA27} = {682B65E7-876B-46E9-A50B-AECE35E3E23B}
		{54C510F3-118F-4D55-9EF0-C6D85BE50F17} = {682B65E7-876B-46E9-A50B-AECE35E3E23B}
		{0CAD4ED4-968C-41D3-862E-401B55BA1BB5} = {54C510F3-118F-4D55-9EF0-C6D85BE50F17}
		{3D0B7161-808B-4CAF-8102-B4D126457DA9} = {EFA738CD-206D-40F2-9D18-53C0783DFA27}
		{4408B092-0C5A-43A3-AE33-22C6220168D9} = {EFA738CD-206D-40F2-9D18-53C0783DFA27}
		{09124C8B-93DD-4D3B-9F1F-98CF1671A5B9} = {3D0B7161-808B-4CAF-8102-B4D126457DA9}
		{FD593D12-91B6-4E31-BEEB-4A978580C1FD} = {5A14725D-554E-40C5-AE1A-E922482F2104}
		{F237B717-D408-436D-846E-F0EEAD262F4F} = {5A14725D-554E-40C5-AE1A-E922482F2104}
		{86A81AC4-DCA6-4EBA-980A-C5B914483849} = {F237B717-D408-436D-846E-F0EEAD262F4F}
		{8BF4198D-D2E4-4678-82FC-293334124AC2} = {F237B717-D408-436D-846E-F0EEAD262F4F}
		{11B49AE9-E783-4C95-8389-F9E7122500AE} = {FD593D12-91B6-4E31-BEEB-4A978580C1FD}
		{B68FE83A-FD16-4740-99A3-08CF945C00E7} = {FD593D12-91B6-4E31-BEEB-4A978580C1FD}
		{E7AAE429-0B84-409E-A343-FBB26A022D36} = {B68FE83A-FD16-4740-99A3-08CF945C00E7}
		{13509943-0FA0-4DD1-802F-89813E811F9B} = {11B49AE9-E783-4C95-8389-F9E7122500AE}
		{6FF20E72-3FE3-4C9E-8C8C-613E150122ED} = {11B49AE9-E783-4C95-8389-F9E7122500AE}
		{4881C552-38FF-4256-A15C-13F3F9A76EAD} = {54C510F3-118F-4D55-9EF0-C6D85BE50F17}
		{D7BF69E3-0AFE-42E0-8AD1-BFD567D4F74E} = {4408B092-0C5A-43A3-AE33-22C6220168D9}
	EndGlobalSection
	GlobalSection(ExtensibilityGlobals) = postSolution
		SolutionGuid = {0E6BC78C-59F9-4C0B-B330-5C0F06959648}
	EndGlobalSection
EndGlobal
